
Microsoft Visual Studio Solution File, Format Version 12.00
# Visual Studio Version 17
VisualStudioVersion = 17.1.32328.378
MinimumVisualStudioVersion = 10.0.40219.1
Project("{9A19103F-16F7-4668-BE54-9A1E7A4F7556}") = "AskMeAQuestion", "AskMeAQuestion\AskMeAQuestion.csproj", "{07782488-4CA4-470F-A006-BC1829FE9454}"
EndProject
Project("{9A19103F-16F7-4668-BE54-9A1E7A4F7556}") = "AskMeAQuestion.Data", "AskMeAQuestion.Data\AskMeAQuestion.Data.csproj", "{A457F3F6-A6B8-46C4-95D0-2327E44C702E}"
EndProject
Project("{9A19103F-16F7-4668-BE54-9A1E7A4F7556}") = "AskMeAQuestion.Services", "AskMeAQuestion.Services\AskMeAQuestion.Services.csproj", "{D186366B-D20D-44AD-A8A6-B99D869CCC3D}"
EndProject
Global
	GlobalSection(SolutionConfigurationPlatforms) = preSolution
		Debug|Any CPU = Debug|Any CPU
		Release|Any CPU = Release|Any CPU
	EndGlobalSection
	GlobalSection(ProjectConfigurationPlatforms) = postSolution
		{07782488-4CA4-470F-A006-BC1829FE9454}.Debug|Any CPU.ActiveCfg = Debug|Any CPU
		{07782488-4CA4-470F-A006-BC1829FE9454}.Debug|Any CPU.Build.0 = Debug|Any CPU
		{07782488-4CA4-470F-A006-BC1829FE9454}.Release|Any CPU.ActiveCfg = Release|Any CPU
		{07782488-4CA4-470F-A006-BC1829FE9454}.Release|Any CPU.Build.0 = Release|Any CPU
		{A457F3F6-A6B8-46C4-95D0-2327E44C702E}.Debug|Any CPU.ActiveCfg = Debug|Any CPU
		{A457F3F6-A6B8-46C4-95D0-2327E44C702E}.Debug|Any CPU.Build.0 = Debug|Any CPU
		{A457F3F6-A6B8-46C4-95D0-2327E44C702E}.Release|Any CPU.ActiveCfg = Release|Any CPU
		{A457F3F6-A6B8-46C4-95D0-2327E44C702E}.Release|Any CPU.Build.0 = Release|Any CPU
		{D186366B-D20D-44AD-A8A6-B99D869CCC3D}.Debug|Any CPU.ActiveCfg = Debug|Any CPU
		{D186366B-D20D-44AD-A8A6-B99D869CCC3D}.Debug|Any CPU.Build.0 = Debug|Any CPU
		{D186366B-D20D-44AD-A8A6-B99D869CCC3D}.Release|Any CPU.ActiveCfg = Release|Any CPU
		{D186366B-D20D-44AD-A8A6-B99D869CCC3D}.Release|Any CPU.Build.0 = Release|Any CPU
	EndGlobalSection
	GlobalSection(SolutionProperties) = preSolution
		HideSolutionNode = FALSE
	EndGlobalSection
	GlobalSection(ExtensibilityGlobals) = postSolution
		SolutionGuid = {4F6F68D4-340B-4FDD-8FDA-327AEEE15FC0}
	EndGlobalSection
EndGlobal
